
Microsoft Visual Studio Solution File, Format Version 12.00
# Visual Studio 15
Project("{FAE04EC0-301F-11D3-BF4B-00C04F79EFBC}") = "Assembly-CSharp", "Assembly-CSharp.csproj", "{1FB22749-7FD4-564C-26E8-0877326DCC5B}"
EndProject
Project("{FAE04EC0-301F-11D3-BF4B-00C04F79EFBC}") = "Assembly-CSharp-Editor", "Assembly-CSharp-Editor.csproj", "{598D8110-0F86-42D8-93B1-AD6516FA247F}"
EndProject
Global
	GlobalSection(SolutionConfigurationPlatforms) = preSolution
		Debug|Any CPU = Debug|Any CPU
		Release|Any CPU = Release|Any CPU
	EndGlobalSection
	GlobalSection(ProjectConfigurationPlatforms) = postSolution
		{1FB22749-7FD4-564C-26E8-0877326DCC5B}.Debug|Any CPU.ActiveCfg = Debug|Any CPU
		{1FB22749-7FD4-564C-26E8-0877326DCC5B}.Debug|Any CPU.Build.0 = Debug|Any CPU
		{1FB22749-7FD4-564C-26E8-0877326DCC5B}.Release|Any CPU.ActiveCfg = Release|Any CPU
		{1FB22749-7FD4-564C-26E8-0877326DCC5B}.Release|Any CPU.Build.0 = Release|Any CPU
		{598D8110-0F86-42D8-93B1-AD6516FA247F}.Debug|Any CPU.ActiveCfg = Debug|Any CPU
		{598D8110-0F86-42D8-93B1-AD6516FA247F}.Debug|Any CPU.Build.0 = Debug|Any CPU
		{598D8110-0F86-42D8-93B1-AD6516FA247F}.Release|Any CPU.ActiveCfg = Release|Any CPU
		{598D8110-0F86-42D8-93B1-AD6516FA247F}.Release|Any CPU.Build.0 = Release|Any CPU
	EndGlobalSection
	GlobalSection(SolutionProperties) = preSolution
		HideSolutionNode = FALSE
	EndGlobalSection
EndGlobal
